# This file is automatically @generated by Cargo.
# It is not intended for manual editing.
[[package]]
name = "fajt"
version = "0.1.0"

[[package]]
name = "fajt_codegen"
version = "0.1.0"

[[package]]
name = "fajt_lexer"
version = "0.1.0"

[[package]]
name = "fajt_parser"
version = "0.1.0"
dependencies = [
 "fajt_lexer",
]
